
Microsoft Visual Studio Solution File, Format Version 12.00
# Visual Studio 15
VisualStudioVersion = 15.0.26430.6
MinimumVisualStudioVersion = 10.0.40219.1
Project("{FAE04EC0-301F-11D3-BF4B-00C04F79EFBC}") = "Immanuel.Stream.Api", "Immanuel.Stream.Api\Immanuel.Stream.Api.csproj", "{3901AFC1-C19F-4FD3-9B8C-6BEF08C6DE78}"
EndProject
Project("{FAE04EC0-301F-11D3-BF4B-00C04F79EFBC}") = "Speech.Transform", "Speech.Transform\Speech.Transform.csproj", "{6E2797AC-2879-438F-A5FA-55993EE2E72C}"
EndProject
Global
	GlobalSection(SolutionConfigurationPlatforms) = preSolution
		Debug|Any CPU = Debug|Any CPU
		Release|Any CPU = Release|Any CPU
	EndGlobalSection
	GlobalSection(ProjectConfigurationPlatforms) = postSolution
		{3901AFC1-C19F-4FD3-9B8C-6BEF08C6DE78}.Debug|Any CPU.ActiveCfg = Debug|Any CPU
		{3901AFC1-C19F-4FD3-9B8C-6BEF08C6DE78}.Debug|Any CPU.Build.0 = Debug|Any CPU
		{3901AFC1-C19F-4FD3-9B8C-6BEF08C6DE78}.Release|Any CPU.ActiveCfg = Release|Any CPU
		{3901AFC1-C19F-4FD3-9B8C-6BEF08C6DE78}.Release|Any CPU.Build.0 = Release|Any CPU
		{6E2797AC-2879-438F-A5FA-55993EE2E72C}.Debug|Any CPU.ActiveCfg = Debug|Any CPU
		{6E2797AC-2879-438F-A5FA-55993EE2E72C}.Debug|Any CPU.Build.0 = Debug|Any CPU
		{6E2797AC-2879-438F-A5FA-55993EE2E72C}.Release|Any CPU.ActiveCfg = Release|Any CPU
		{6E2797AC-2879-438F-A5FA-55993EE2E72C}.Release|Any CPU.Build.0 = Release|Any CPU
	EndGlobalSection
	GlobalSection(SolutionProperties) = preSolution
		HideSolutionNode = FALSE
	EndGlobalSection
EndGlobal
